{
  "name": "rd_workbench.raw_app",
  "lockfileVersion": 3,
  "requires": true,
  "packages": {
    "": {
      "dependencies": {
        "react": "19.0.0",
        "react-dom": "19.0.0",
        "windmill-client": "1.593.0"
      },
      "devDependencies": {
        "@types/react": "19.0.0",
        "@types/react-dom": "19.0.0"
      }
    },
    "node_modules/@types/react": {
      "version": "19.0.0",
      "resolved": "https://registry.npmjs.org/@types/react/-/react-19.0.0.tgz",
      "integrity": "sha512-MY3oPudxvMYyesqs/kW1Bh8y9VqSmf+tzqw3ae8a9DZW68pUe3zAdHeI1jc6iAysuRdACnVknHP8AhwD4/dxtg==",
      "dev": true,
      "license": "MIT",
      "dependencies": {
        "csstype": "^3.0.2"
      }
    },
    "node_modules/@types/react-dom": {
      "version": "19.0.0",
      "resolved": "https://registry.npmjs.org/@types/react-dom/-/react-dom-19.0.0.tgz",
      "integrity": "sha512-1KfiQKsH1o00p9m5ag12axHQSb3FOU9H20UTrujVSkNhuCrRHiQWFqgEnTNK5ZNfnzZv8UWrnXVqCmCF9fgY3w==",
      "dev": true,
      "license": "MIT",
      "dependencies": {
        "@types/react": "*"
      }
    },
    "node_modules/csstype": {
      "version": "3.2.3",
      "resolved": "https://registry.npmjs.org/csstype/-/csstype-3.2.3.tgz",
      "integrity": "sha512-z1HGKcYy2xA8AGQfwrn0PAy+PB7X/GSj3UVJW9qKyn43xWa+gl5nXmU4qqLMRzWVLFC8KusUX8T/0kCiOYpAIQ==",
      "dev": true,
      "license": "MIT"
    },
    "node_modules/react": {
      "version": "19.0.0",
      "resolved": "https://registry.npmjs.org/react/-/react-19.0.0.tgz",
      "integrity": "sha512-V8AVnmPIICiWpGfm6GLzCR/W5FXLchHop40W4nXBmdlEceh16rCN8O8LNWm5bh5XUX91fh7KpA+W0TgMKmgTpQ==",
      "license": "MIT",
      "engines": {
        "node": ">=0.10.0"
      }
    },
    "node_modules/react-dom": {
      "version": "19.0.0",
      "resolved": "https://registry.npmjs.org/react-dom/-/react-dom-19.0.0.tgz",
      "integrity": "sha512-4GV5sHFG0e/0AD4X+ySy6UJd3jVl1iNsNHdpad0qhABJ11twS3TTBnseqsKurKcsNqCEFeGL3uLpVChpIO3QfQ==",
      "license": "MIT",
      "dependencies": {
        "scheduler": "^0.25.0"
      },
      "peerDependencies": {
        "react": "^19.0.0"
      }
    },
    "node_modules/scheduler": {
      "version": "0.25.0",
      "resolved": "https://registry.npmjs.org/scheduler/-/scheduler-0.25.0.tgz",
      "integrity": "sha512-xFVuu11jh+xcO7JOAGJNOXld8/TcEHK/4CituBUeUb5hqxJLj9YuemAEuvm9gQ/+pgXYfbQuqAkiYu+u7YEsNA==",
      "license": "MIT"
    },
    "node_modules/windmill-client": {
      "version": "1.593.0",
      "resolved": "https://registry.npmjs.org/windmill-client/-/windmill-client-1.593.0.tgz",
      "integrity": "sha512-yrWKutlisbrHv/Mdz6UhwaS/3RHUmMMo0kyoMCCwItkSaK1U4CSgM3zoeGolL+KMz7/f1qjFRVHMIoWDdmujlg==",
      "license": "Apache 2.0"
    }
  }
}
