version = 1
revision = 3
requires-python = "==3.14.*"
resolution-markers = [
    "sys_platform == 'win32'",
    "sys_platform == 'emscripten'",
    "sys_platform != 'emscripten' and sys_platform != 'win32'",
]

[[package]]
name = "attrs"
version = "26.1.0"
source = { registry = "https://pypi.org/simple" }
sdist = { url = "https://files.pythonhosted.org/packages/9a/8e/82a0fe20a541c03148528be8cac2408564a6c9a0cc7e9171802bc1d26985/attrs-26.1.0.tar.gz", hash = "sha256:d03ceb89cb322a8fd706d4fb91940737b6642aa36998fe130a9bc96c985eff32", size = 952055, upload-time = "2026-03-19T14:22:25.026Z" }
wheels = [
    { url = "https://files.pythonhosted.org/packages/64/b4/17d4b0b2a2dc85a6df63d1157e028ed19f90d4cd97c36717afef2bc2f395/attrs-26.1.0-py3-none-any.whl", hash = "sha256:c647aa4a12dfbad9333ca4e71fe62ddc36f4e63b2d260a37a8b83d2f043ac309", size = 67548, upload-time = "2026-03-19T14:22:23.645Z" },
]

[[package]]
name = "choreographer"
version = "1.4.0"
source = { registry = "https://pypi.org/simple" }
dependencies = [
    { name = "logistro" },
    { name = "platformdirs" },
    { name = "simplejson" },
]
sdist = { url = "https://files.pythonhosted.org/packages/cc/21/6b1a021b5fd16696bef7e12093ada05bce6fc3a354d529f67381fc3e83d1/choreographer-1.4.0.tar.gz", hash = "sha256:97ed6d2b44b71271b6cd9fc87816d23bef4fd5eca9855dc24dfa0033ebf08c77", size = 57382, upload-time = "2026-09-16T23:31:23.005Z" }
wheels = [
    { url = "https://files.pythonhosted.org/packages/12/24/96b041b800d1de465758106353bedc1e682c5671b3a18142e71e67613996/choreographer-1.4.0-py3-none-any.whl", hash = "sha256:8acba7ce8e912e1193628eea5bbfd76ac3d63328e3195b2527c04675f16780f7", size = 57999, upload-time = "2026-09-16T23:31:21.791Z" },
]

[[package]]
name = "jsonschema"
version = "4.26.0"
source = { registry = "https://pypi.org/simple" }
dependencies = [
    { name = "attrs" },
    { name = "jsonschema-specifications" },
    { name = "referencing" },
    { name = "rpds-py" },
]
sdist = { url = "https://files.pythonhosted.org/packages/b3/fc/e067678238fa451312d4c62bf6e6cf5ec56375422aee02f9cb5f909b3047/jsonschema-4.26.0.tar.gz", hash = "sha256:0c26707e2efad8aa1bfc5b7ce170f3fccc2e4918ff85989ba9ffa9facb2be326", size = 366583, upload-time = "2026-01-07T13:41:07.246Z" }
wheels = [
    { url = "https://files.pythonhosted.org/packages/69/90/f63fb5873511e014207a475e2bb4e8b2e570d655b00ac19a9a0ca0a385ee/jsonschema-4.26.0-py3-none-any.whl", hash = "sha256:d489f15263b8d200f8387e64b4c3a75f06629559fb73deb8fdfb525f2dab50ce", size = 90630, upload-time = "2026-01-07T13:41:05.306Z" },
]

[[package]]
name = "jsonschema-specifications"
version = "2025.9.1"
source = { registry = "https://pypi.org/simple" }
dependencies = [
    { name = "referencing" },
]
sdist = { url = "https://files.pythonhosted.org/packages/19/74/a633ee74eb36c44aa6d1095e7cc5569bebf04342ee146178e2d36600708b/jsonschema_specifications-2025.9.1.tar.gz", hash = "sha256:b540987f239e745613c7a9176f3edb72b832a4ac465cf02712288397832b5e8d", size = 32855, upload-time = "2025-09-08T01:34:59.186Z" }
wheels = [
    { url = "https://files.pythonhosted.org/packages/41/45/1a4ed80516f02155c51f51e8cedb3c1902296743db0bbc66608a0db2814f/jsonschema_specifications-2025.9.1-py3-none-any.whl", hash = "sha256:98802fee3a11ee76ecaca44429fda8a41bff98b00a0f2838151b113f210cc6fe", size = 18437, upload-time = "2025-09-08T01:34:57.871Z" },
]

[[package]]
name = "kaleido"
version = "1.5.0"
source = { registry = "https://pypi.org/simple" }
dependencies = [
    { name = "choreographer" },
    { name = "logistro" },
    { name = "packaging" },
]
sdist = { url = "https://files.pythonhosted.org/packages/1e/0b/865d6c9393658888c9f256a6d9ffe745c23764ecbd92a4e6b995b1a16b5c/kaleido-1.5.0.tar.gz", hash = "sha256:e724bbdf94be097879793365afaeba2990ae43e932efaf9c8e2e8d8ad0f1cba0", size = 70412, upload-time = "2026-10-06T15:29:00.084Z" }
wheels = [
    { url = "https://files.pythonhosted.org/packages/07/86/73fa07ff24a29e14f3f44bc5729ef9897cb594dee983923a2bc7ebc4187f/kaleido-1.5.0-py3-none-any.whl", hash = "sha256:de301b73cc9fd6311e54b47087d3a7a5da3b7681ee9175e23b45dcffb4432ff2", size = 55816, upload-time = "2026-10-06T15:28:58.822Z" },
]

[[package]]
name = "logistro"
version = "2.0.1"
source = { registry = "https://pypi.org/simple" }
sdist = { url = "https://files.pythonhosted.org/packages/08/90/bfd7a6fab22bdfafe48ed3c4831713cb77b4779d18ade5e248d5dbc0ca22/logistro-2.0.1.tar.gz", hash = "sha256:8446affc82bab2577eb02bfcbcae196ae03129287557287b6a070f70c1985047", size = 8398, upload-time = "2025-11-01T02:41:18.81Z" }
wheels = [
    { url = "https://files.pythonhosted.org/packages/54/20/6aa79ba3570bddd1bf7e951c6123f806751e58e8cce736bad77b2cf348d7/logistro-2.0.1-py3-none-any.whl", hash = "sha256:06ffa127b9fb4ac8b1972ae6b2a9d7fde57598bf5939cd708f43ec5bba2d31eb", size = 8555, upload-time = "2025-11-01T02:41:17.587Z" },
]

[[package]]
name = "markdown-it-py"
version = "4.0.0"
source = { registry = "https://pypi.org/simple" }
dependencies = [
    { name = "mdurl" },
]
sdist = { url = "https://files.pythonhosted.org/packages/5b/f5/4ec618ed16cc4f8fb3b701563655a69816155e79e24a17b651541804721d/markdown_it_py-4.0.0.tar.gz", hash = "sha256:cb0a2b4aa34f932c007117b194e945bd74e0ec24133ceb5bac59009cda1cb9f3", size = 73070, upload-time = "2025-08-11T12:57:52.854Z" }
wheels = [
    { url = "https://files.pythonhosted.org/packages/94/54/e7d793b573f298e1c9013b8c4dade17d481164aa517d1d7148619c2cedbf/markdown_it_py-4.0.0-py3-none-any.whl", hash = "sha256:87327c59b172c5011896038353a81343b6754500a08cd7a4973bb48c6d578147", size = 87321, upload-time = "2025-08-11T12:57:51.923Z" },
]

[[package]]
name = "mdurl"
version = "0.1.2"
source = { registry = "https://pypi.org/simple" }
sdist = { url = "https://files.pythonhosted.org/packages/d6/54/cfe61301667036ec958cb99bd3efefba235e65cdeb9c84d24a8293ba1d90/mdurl-0.1.2.tar.gz", hash = "sha256:bb413d29f5eea38f31dd4754dd7377d4465116fb207585f97bf925588687c1ba", size = 8729, upload-time = "2022-08-14T12:40:10.846Z" }
wheels = [
    { url = "https://files.pythonhosted.org/packages/b3/38/89ba8ad64ae25be8de66a6d463314cf1eb366222074cfda9ee839c56a4b4/mdurl-0.1.2-py3-none-any.whl", hash = "sha256:84008a41e51615a49fc9966191ff91509e3c40b939176e643fd50a5c2196b8f8", size = 9979, upload-time = "2022-08-14T12:40:09.779Z" },
]

[[package]]
name = "narwhals"
version = "2.26.0"
source = { registry = "https://pypi.org/simple" }
sdist = { url = "https://files.pythonhosted.org/packages/35/68/5351e34623d253423240ea7de3f8fc74fa8ab14b1ab3c0ec4ac8997413c9/narwhals-2.26.0.tar.gz", hash = "sha256:6b9cadca82f375c7e4cf584fdc86ca25da54827307a9c58f94547ee6104b82dd", size = 686970, upload-time = "2026-09-08T13:32:08.964Z" }
wheels = [
    { url = "https://files.pythonhosted.org/packages/40/b5/1b84b2c784db76d69442334bc8b8748c840f13ca53be086f4f250ad4a0bc/narwhals-2.26.0-py3-none-any.whl", hash = "sha256:29326d74f107c347fd1009bd58e38d9f7c7c5b51e6de97bc93dbc325d9038b54", size = 474034, upload-time = "2026-09-08T13:32:07.159Z" },
]

[[package]]
name = "nautilus-trader"
version = "2.0.0rc3"
source = { registry = "https://pypi.org/simple" }
sdist = { url = "https://files.pythonhosted.org/packages/20/f4/a8db7a41c7f94b069bd73e5b552677f1c1f117949ecb1660ccd0fba109b9/nautilus_trader-2.0.0rc3.tar.gz", hash = "sha256:8025c59e396c204b8cab88c254769739bf7b7557ba43eb6d4ed1ac68e95424d7", size = 9521944, upload-time = "2026-08-21T01:15:43.405Z" }
wheels = [
    { url = "https://files.pythonhosted.org/packages/75/6d/b95338ceb2f928b3fac16c0cbd1604430baff58bfa6a673752b4ab688ae3/nautilus_trader-2.0.0rc3-cp314-cp314-macosx_11_0_arm64.whl", hash = "sha256:3569e8d835dd48f74c450f6a4e559771e1d49f7800a5ae371147175ef99ff3df", size = 56898729, upload-time = "2026-08-21T01:13:39.76Z" },
    { url = "https://files.pythonhosted.org/packages/62/0f/67d0a539ae449bc8885d2c1e99cabc0bb58a62556a92b536505e310abd72/nautilus_trader-2.0.0rc3-cp314-cp314-manylinux_2_34_aarch64.whl", hash = "sha256:f09f90aeeb13b3149d901a84b42415077d9952cb236819de4559ca56e6e57460", size = 62554686, upload-time = "2026-08-21T01:13:44.922Z" },
    { url = "https://files.pythonhosted.org/packages/60/03/756d6547d25b4e4d4dca40f56a10917266af21209779098916475c1e7346/nautilus_trader-2.0.0rc3-cp314-cp314-manylinux_2_34_x86_64.whl", hash = "sha256:e0c1c8d697e540f7b37616d16862cce416ae6120605857a8cf5701d69e8be294", size = 66736956, upload-time = "2026-08-21T01:13:50.364Z" },
    { url = "https://files.pythonhosted.org/packages/2e/3d/019886f4afee0005262badc681432e1feefa3d60da6b844fd0b486fb454f/nautilus_trader-2.0.0rc3-cp314-cp314-win_amd64.whl", hash = "sha256:d9ccc03a588fd159bfe74f902372988437e32d1bc942c02ebe6da23fa9777142", size = 61252106, upload-time = "2026-08-21T01:13:56.091Z" },
]

[package.optional-dependencies]
visualization = [
    { name = "kaleido" },
    { name = "pandas" },
    { name = "plotly" },
    { name = "simplejson" },
]

[[package]]
name = "numpy"
version = "2.5.3"
source = { registry = "https://pypi.org/simple" }
sdist = { url = "https://files.pythonhosted.org/packages/13/01/11703282db468b85f6f7b8c7f22d058de5970d5c7e60a3a8aaa313c3de36/numpy-2.5.3.tar.gz", hash = "sha256:df2d5874ff183595a4ba404edd04f6bd9b5505c1d7708573f6a6c17489a67563", size = 20791231, upload-time = "2026-09-06T16:27:47.073Z" }
wheels = [
    { url = "https://files.pythonhosted.org/packages/70/78/cf416f15dc29375a229d9dfebf8db6e313f291580b39fa1a568b6052bb07/numpy-2.5.3-cp314-cp314-macosx_10_15_x86_64.whl", hash = "sha256:350ba9783ce969cf9f7ce6e6a9a58e1a6e2a19ca025b7ee448c4db727706212a", size = 16998686, upload-time = "2026-09-06T16:25:33.171Z" },
    { url = "https://files.pythonhosted.org/packages/9e/59/abcc2d8def4fd60eec7d87f92d27c13448ffd9ab14339bcc63a0d7a2fdea/numpy-2.5.3-cp314-cp314-macosx_11_0_arm64.whl", hash = "sha256:012e66aca395d795496446e52aeeb5866312a5d4d3f27da270e5a0b43f70dc5c", size = 12013862, upload-time = "2026-09-06T16:25:36.748Z" },
    { url = "https://files.pythonhosted.org/packages/94/75/4640d2d6e4b64a049e48425a82728a41ef4adb61332d2cba68055774878b/numpy-2.5.3-cp314-cp314-macosx_14_0_arm64.whl", hash = "sha256:adc1ada2662f8a5f960b8a10d9986897e7499ef07e06d4cfe7197f8cce923c07", size = 5449793, upload-time = "2026-09-06T16:25:39.476Z" },
    { url = "https://files.pythonhosted.org/packages/96/cd/625b57ae33d4ca560f32cc0b47b4a5922146d9beb998ddf773900d440a73/numpy-2.5.3-cp314-cp314-macosx_14_0_x86_64.whl", hash = "sha256:54a115e5a73b8fc44f0cebef486365a1894b5c9760685d4558b72b7c3eb846e0", size = 6785176, upload-time = "2026-09-06T16:25:42.069Z" },
    { url = "https://files.pythonhosted.org/packages/9c/72/12918652e7912ef9751e8694c88820fcd1908e0618cb23f5f3caa6004b7b/numpy-2.5.3-cp314-cp314-manylinux_2_27_aarch64.manylinux_2_28_aarch64.whl", hash = "sha256:be5a8381859b6da607c84f4f7d6847725f1cf1853ef8a2c9e115b7d58bef47dc", size = 15703377, upload-time = "2026-09-06T16:25:45.135Z" },
    { url = "https://files.pythonhosted.org/packages/45/8f/9beacf79ca7c650688ad0baa80931adb988fe6e6e5d5903c23cc3dbd70eb/numpy-2.5.3-cp314-cp314-manylinux_2_27_x86_64.manylinux_2_28_x86_64.whl", hash = "sha256:b0521d0f4aebb6e06189451025fa17a913287b13c03d5fe05c017333b654ea5b", size = 16711928, upload-time = "2026-09-06T16:25:48.461Z" },
    { url = "https://files.pythonhosted.org/packages/09/8d/41d0a56e1ac4c87495c897a211b1368691b7237aadabec8b3b8f3a74d48f/numpy-2.5.3-cp314-cp314-musllinux_1_2_aarch64.whl", hash = "sha256:9deb49575e5b0b94ed72c8a64ec4d033381adc27e9060ae842971f697ba96104", size = 17059507, upload-time = "2026-09-06T16:25:51.873Z" },
    { url = "https://files.pythonhosted.org/packages/08/1e/0dfbc5cc251d54e2af790f254d24ec38637fa97ec7d5d11de7ffed787098/numpy-2.5.3-cp314-cp314-musllinux_1_2_x86_64.whl", hash = "sha256:b00eefbcf0f292945c4b4dec2ae845389ef5bcdcd596e6e4328051db5b5ba694", size = 18471002, upload-time = "2026-09-06T16:25:55.233Z" },
    { url = "https://files.pythonhosted.org/packages/b5/2c/dfa40f6991f8185c8c30ffd023dfcbb11888e823cfab9557b920f3bb7bed/numpy-2.5.3-cp314-cp314-win32.whl", hash = "sha256:c2381f82999704f818e2c987a865050e285ec3621262c66d40f5a96c8f899f8e", size = 6180485, upload-time = "2026-09-06T16:25:58.157Z" },
    { url = "https://files.pythonhosted.org/packages/a4/73/d2c08231e4fde7e415501fd02c715d96e98599b2d8384445933944152984/numpy-2.5.3-cp314-cp314-win_amd64.whl", hash = "sha256:2c25dfa72943e4336ddb6b0ee4277b47a0c85bede0807530ec68103bf58e2c10", size = 12698179, upload-time = "2026-09-06T16:26:00.789Z" },
    { url = "https://files.pythonhosted.org/packages/5c/e9/dcdcc9b95cf5f49815055573aee1b11cfbf5299f38a180e437ded050810f/numpy-2.5.3-cp314-cp314-win_arm64.whl", hash = "sha256:15aa985ac73a8db02db7663381aa109510449d3819d37206caed27b33a65a8a6", size = 10769383, upload-time = "2026-09-06T16:26:04.011Z" },
    { url = "https://files.pythonhosted.org/packages/49/c4/af8bc08a7ef4e1529a7c0cf24969accce316b783999802089a581ec99272/numpy-2.5.3-cp314-cp314t-macosx_11_0_arm64.whl", hash = "sha256:ac7bb1c52d445bd4f8f7f97fefe6abc3a084dc4d63df50d79b17fa2b78e89297", size = 12132668, upload-time = "2026-09-06T16:26:07.138Z" },
    { url = "https://files.pythonhosted.org/packages/c5/ae/0f15eb56d4ec5e13c1f7ff04ff407f997d1acbadb45d3e1f2e2645a8f43c/numpy-2.5.3-cp314-cp314t-macosx_14_0_arm64.whl", hash = "sha256:e6ab667ba76450084eb64013762c438ea76d9d29cc676dcd6c2e9892ba37f841", size = 5568580, upload-time = "2026-09-06T16:26:09.828Z" },
    { url = "https://files.pythonhosted.org/packages/23/fb/c72a8f25d4b6e96c354e7ab45ace3b27dc11e5d6a13b6c7d0cd6b08bf112/numpy-2.5.3-cp314-cp314t-macosx_14_0_x86_64.whl", hash = "sha256:f7fabeb6cea87d65f3b926de33d03fb016cfdc29314c90974383b5582ae72891", size = 6882634, upload-time = "2026-09-06T16:26:12.524Z" },
    { url = "https://files.pythonhosted.org/packages/07/a9/968c90ed2ab15060c338e8137f1215b5a60756ae07328e0a60d1c6734df4/numpy-2.5.3-cp314-cp314t-manylinux_2_27_aarch64.manylinux_2_28_aarch64.whl", hash = "sha256:1fb6f8fb9ff0b3a69f52c66ce397b0246583e9f28616231b0e32ca49259a5fa6", size = 15748923, upload-time = "2026-09-06T16:26:15.092Z" },
    { url = "https://files.pythonhosted.org/packages/59/08/9df04103947b95e3b6b1f2ed1a70521f325647a31b82da6a2aae3a485508/numpy-2.5.3-cp314-cp314t-manylinux_2_27_x86_64.manylinux_2_28_x86_64.whl", hash = "sha256:93e1f5447e2b1e479d7bd74701e84746b86450cff1fc368b132d195e2b8f8211", size = 16746748, upload-time = "2026-09-06T16:26:18.43Z" },
    { url = "https://files.pythonhosted.org/packages/41/a0/14c8d5fe5b53a334aabb653deb391c0fef49558f491880ea300ed6785224/numpy-2.5.3-cp314-cp314t-musllinux_1_2_aarch64.whl", hash = "sha256:c00abe94c1a69d75d827dcf1c025b25c8a45d230b3bcd77a9020883a1b047653", size = 17111561, upload-time = "2026-09-06T16:26:22.113Z" },
    { url = "https://files.pythonhosted.org/packages/c4/a6/d7e96e42f01522e154c32489640f16dfc4f6181d165d05fc3bec8c2c4999/numpy-2.5.3-cp314-cp314t-musllinux_1_2_x86_64.whl", hash = "sha256:536f963710a4e63934d80ac0dc4f478804a83e9a84b6828018f25d09953ada33", size = 18513945, upload-time = "2026-09-06T16:26:25.401Z" },
    { url = "https://files.pythonhosted.org/packages/25/39/3453afb7119d0449ef11c886874120ff180e2c337760e0e2d88f70f1a945/numpy-2.5.3-cp314-cp314t-win32.whl", hash = "sha256:4c8a6d2ebce6305fd82fbefca827775437147052a976ee7c94b36a0c1b52ac6c", size = 6335421, upload-time = "2026-09-06T16:26:28.175Z" },
    { url = "https://files.pythonhosted.org/packages/99/01/22815d2b19a1a746b1d45205cffebb3fe511a18acb75fba6c88491fc9894/numpy-2.5.3-cp314-cp314t-win_amd64.whl", hash = "sha256:9a37475425b431b4d060f23b4f52cd2f3aef6bc7c654bd760adf0040eec9d435", size = 12896420, upload-time = "2026-09-06T16:26:31.265Z" },
    { url = "https://files.pythonhosted.org/packages/fa/ee/a7cbba67eeaff038dc29ca8b98a88396c8b0cc9c89d4924f4a27a5c9150b/numpy-2.5.3-cp314-cp314t-win_arm64.whl", hash = "sha256:2d8240cb4c16fd831074aa2b2cf9fc54664d826341d61c372245b96a74a49a9a", size = 10857177, upload-time = "2026-09-06T16:26:34.167Z" },
]

[[package]]
name = "packaging"
version = "26.3"
source = { registry = "https://pypi.org/simple" }
sdist = { url = "https://files.pythonhosted.org/packages/7d/fa/3944b40b07da9ce895c0e6303a5ab7d53da063554f534556b134a54d6093/packaging-26.3.tar.gz", hash = "sha256:94edc256424af38762eb31306eed28beb9f0efc50a8837492c9d6fd6004aed79", size = 313412, upload-time = "2026-08-04T18:15:28.737Z" }
wheels = [
    { url = "https://files.pythonhosted.org/packages/63/34/ba1c580383c9eada3711951fef0795c80b829a078d72188184bcab9dd527/packaging-26.3-py3-none-any.whl", hash = "sha256:d7193f7c8e4e93f444fde0262bf90af30e16fa0ad0ad44cb553c87339b23cd1c", size = 129956, upload-time = "2026-08-04T18:15:27.159Z" },
]

[[package]]
name = "pandas"
version = "3.0.6"
source = { registry = "https://pypi.org/simple" }
dependencies = [
    { name = "numpy" },
    { name = "python-dateutil" },
    { name = "tzdata", marker = "sys_platform == 'emscripten' or sys_platform == 'win32'" },
]
sdist = { url = "https://files.pythonhosted.org/packages/e2/17/d7b106e05bfa642e8694451e7d3d759c6a241c5386a5d962e4f66c047e06/pandas-3.0.6.tar.gz", hash = "sha256:66b07ef7315a31bfe1089cd3d71a7de781c9dca986762d0b4fe7c0ef17465d10", size = 4667686, upload-time = "2026-09-17T23:23:18.345Z" }
wheels = [
    { url = "https://files.pythonhosted.org/packages/75/55/1a8875395b05ccd572cbca0b9255dcd2db6e6508e632a558c1a6884b39ad/pandas-3.0.6-cp314-cp314-macosx_10_15_x86_64.whl", hash = "sha256:ee913a91669056c1de1a6b733fbfeab711de9e54e3bee2dfa5fe79d9457247d1", size = 10492213, upload-time = "2026-09-17T23:21:40.746Z" },
    { url = "https://files.pythonhosted.org/packages/35/61/47ae13476995cc8a40cd609e93e7cf11f273d8692925c2903cb6d38aa0d1/pandas-3.0.6-cp314-cp314-macosx_11_0_arm64.whl", hash = "sha256:ff51a4459ed036e93d1eb1bb5e6e7b28685d3cb6b7c12b91c05b31024e234729", size = 10156618, upload-time = "2026-09-17T23:21:44.142Z" },
    { url = "https://files.pythonhosted.org/packages/bc/f2/cc5f2adb8d6e86a85d9fb5128f8cf205a61189336f70d1f7faf0d1b53ec9/pandas-3.0.6-cp314-cp314-manylinux_2_24_aarch64.manylinux_2_28_aarch64.whl", hash = "sha256:654aae059295dbba6ecd2328ca12712a2cf1676214c8699f1c29213f7ccf9c34", size = 10375479, upload-time = "2026-09-17T23:21:47.159Z" },
    { url = "https://files.pythonhosted.org/packages/ca/ba/ffdcb19be4ff6bfe7d969e7cef2c567c633df5a3a1cc1053394ad053bca8/pandas-3.0.6-cp314-cp314-manylinux_2_24_x86_64.manylinux_2_28_x86_64.whl", hash = "sha256:62f51d7f651c8054c5e82a69265c98082e795d1442df7ca6edc3a545d61214b1", size = 10783244, upload-time = "2026-09-17T23:21:50.367Z" },
    { url = "https://files.pythonhosted.org/packages/77/5b/e150075b2c6eb69fae896f2d9239bc6ed07db97735971d53d66de6553460/pandas-3.0.6-cp314-cp314-musllinux_1_2_aarch64.whl", hash = "sha256:22172a92e7ee678ec0140c7af4fc9366b55413834a1cd86af78b3caa0b0574de", size = 11382223, upload-time = "2026-09-17T23:21:53.355Z" },
    { url = "https://files.pythonhosted.org/packages/d6/8a/b441c587dc7355bf6e1f68a91b4f76a6c29740f0c23be3acc5d4ebbeea6d/pandas-3.0.6-cp314-cp314-musllinux_1_2_x86_64.whl", hash = "sha256:583be68728a31d0d750d5b8d9e00f02b153df0d4655f858bde93cb84cfc4227c", size = 11854881, upload-time = "2026-09-17T23:21:56.342Z" },
    { url = "https://files.pythonhosted.org/packages/b7/e9/f43410fada510b43fec09993c08f552086c3d247d3ee801a678f3cb10ea5/pandas-3.0.6-cp314-cp314-win_amd64.whl", hash = "sha256:77ccbe5057aece6fc172b9b77f19c04335af6882bc2e10c8f3ee4e6bfb3da553", size = 9791672, upload-time = "2026-09-17T23:21:59.332Z" },
    { url = "https://files.pythonhosted.org/packages/8b/9e/db14c059c21f9baa1907d436f8bf30e0c76c6288225c5e8b79a08ba8b2c5/pandas-3.0.6-cp314-cp314-win_arm64.whl", hash = "sha256:fb625f426b375bcc96e3a04c5d5d266cd7be6ae5d6866e0e703382ab5164068c", size = 9121246, upload-time = "2026-09-17T23:22:02.123Z" },
    { url = "https://files.pythonhosted.org/packages/67/ba/bad0f8dac020ab38a8637fddab01a57a82da7a496a6e6f19590aad53ab62/pandas-3.0.6-cp314-cp314t-macosx_10_15_x86_64.whl", hash = "sha256:9e492cd4bdba6778de4fe0df7f4590c012161ebcf9902dce01b01dc683105514", size = 10920612, upload-time = "2026-09-17T23:22:05.404Z" },
    { url = "https://files.pythonhosted.org/packages/c4/a9/b500982e9aac6d52a58da4ad3f11e14168a315b06906b3f397c427878065/pandas-3.0.6-cp314-cp314t-macosx_11_0_arm64.whl", hash = "sha256:d7dcd21238cbb4828ff148481ba01cac8946dc5121457b5aeba28636f8f99a60", size = 10570213, upload-time = "2026-09-17T23:22:08.44Z" },
    { url = "https://files.pythonhosted.org/packages/4b/fa/e6ecd0073c98be8f840ac3125b955272835d7d9fd69f5944383b164deb5e/pandas-3.0.6-cp314-cp314t-manylinux_2_24_aarch64.manylinux_2_28_aarch64.whl", hash = "sha256:6ff482fa91fa2bafd92e8fe66ce3645c851824310f295c1f0a2f96e928fc4541", size = 10252356, upload-time = "2026-09-17T23:22:11.302Z" },
    { url = "https://files.pythonhosted.org/packages/04/f5/001e230a7a7803590d9275a1a3f7e1bb605e3a495cfe5e8d3a532090621b/pandas-3.0.6-cp314-cp314t-manylinux_2_24_x86_64.manylinux_2_28_x86_64.whl", hash = "sha256:db7ec631f26223beee8e5c9e0b8f23c24d8197bbd1d982421d4e3188bea51965", size = 10655952, upload-time = "2026-09-17T23:22:14.283Z" },
    { url = "https://files.pythonhosted.org/packages/ca/ab/bab587148a3852c96aae26c4b5f9e04ce2221801ad94e166b4fbf969ede0/pandas-3.0.6-cp314-cp314t-musllinux_1_2_aarch64.whl", hash = "sha256:bd75ed0c840f709fc2ae26ddd9534ac77ca1a48ac0cce521a74acaa85f3340a7", size = 11274177, upload-time = "2026-09-17T23:22:17.352Z" },
    { url = "https://files.pythonhosted.org/packages/f3/32/74b48d87df2b80892d713c149abfe36d5db4de41b4eccb042a2bc07dafc1/pandas-3.0.6-cp314-cp314t-musllinux_1_2_x86_64.whl", hash = "sha256:ef738d71d1059245b6bb03e312be06d8b3821326a83486c1ad03b9aba3710e44", size = 11719041, upload-time = "2026-09-17T23:22:20.227Z" },
    { url = "https://files.pythonhosted.org/packages/f6/c6/d64b72d64d7eb0fad9fe424d34138e45dee70ddbea1360dcd0adf30e28f6/pandas-3.0.6-cp314-cp314t-win_amd64.whl", hash = "sha256:429d9df32731ab01383ed98f2baa7a60368090d1a94fc06019a12062510e8630", size = 10191388, upload-time = "2026-09-17T23:22:23.524Z" },
    { url = "https://files.pythonhosted.org/packages/7a/30/5e5b2ccabeca73ae2b03fc82bca3eabb7466cf43737f05ac08d591665d47/pandas-3.0.6-cp314-cp314t-win_arm64.whl", hash = "sha256:a4dbd4dc65cbe645b92b8785d0f96dd7311010dc6606cf620e51b07b8788a12a", size = 9387796, upload-time = "2026-09-17T23:22:26.64Z" },
]

[[package]]
name = "platformdirs"
version = "4.12.4"
source = { registry = "https://pypi.org/simple" }
sdist = { url = "https://files.pythonhosted.org/packages/90/a1/d5f9002a70298c64a789779077d8dd90c10aa1f47fe40c86802df874f2a6/platformdirs-4.12.4.tar.gz", hash = "sha256:63743c02414e755de4e31b8f68125c1407495b86c5a006e203c01ff8b9924250", size = 60010, upload-time = "2026-10-07T23:30:32.426Z" }
wheels = [
    { url = "https://files.pythonhosted.org/packages/f4/ba/223e00b885e960edd5d4b4d178c88acce019bd5b83786093681b8c393492/platformdirs-4.12.4-py3-none-any.whl", hash = "sha256:78bfb9db2a8471ed7eebe3c3c932da413911042994e699b384fbb4493fa872d7", size = 32596, upload-time = "2026-10-07T23:30:30.825Z" },
]

[[package]]
name = "plotly"
version = "6.9.0"
source = { registry = "https://pypi.org/simple" }
dependencies = [
    { name = "narwhals" },
    { name = "packaging" },
]
sdist = { url = "https://files.pythonhosted.org/packages/96/07/795c79dbce40c39bece88e69d049babbd23ffa95b5d117f248db8ea03abb/plotly-6.9.0.tar.gz", hash = "sha256:967ad33e8c704fed051800d11d985eb206a9c795c14206b30a6f463ed9c67d0d", size = 6919903, upload-time = "2026-07-09T14:55:59.982Z" }
wheels = [
    { url = "https://files.pythonhosted.org/packages/24/18/d8544811ab076f876c4892b3714f5b0dad335e1dc33aef826df431b8325d/plotly-6.9.0-py3-none-any.whl", hash = "sha256:36bebe2f1bb13884774fe61689c329071446f6ce4a8927fb1f0d6fb24f581236", size = 9909646, upload-time = "2026-07-09T14:55:55.421Z" },
]

[[package]]
name = "pyarrow"
version = "23.0.1"
source = { registry = "https://pypi.org/simple" }
sdist = { url = "https://files.pythonhosted.org/packages/88/22/134986a4cc224d593c1afde5494d18ff629393d74cc2eddb176669f234a4/pyarrow-23.0.1.tar.gz", hash = "sha256:b8c5873e33440b2bc2f4a79d2b47017a89c5a24116c055625e6f2ee50523f019", size = 1167336, upload-time = "2026-02-16T10:14:12.39Z" }
wheels = [
    { url = "https://files.pythonhosted.org/packages/8d/1b/6da9a89583ce7b23ac611f183ae4843cd3a6cf54f079549b0e8c14031e73/pyarrow-23.0.1-cp314-cp314-macosx_12_0_arm64.whl", hash = "sha256:5df1161da23636a70838099d4aaa65142777185cc0cdba4037a18cee7d8db9ca", size = 34238755, upload-time = "2026-02-16T10:12:32.819Z" },
    { url = "https://files.pythonhosted.org/packages/ae/b5/d58a241fbe324dbaeb8df07be6af8752c846192d78d2272e551098f74e88/pyarrow-23.0.1-cp314-cp314-macosx_12_0_x86_64.whl", hash = "sha256:fa8e51cb04b9f8c9c5ace6bab63af9a1f88d35c0d6cbf53e8c17c098552285e1", size = 35847826, upload-time = "2026-02-16T10:12:38.949Z" },
    { url = "https://files.pythonhosted.org/packages/54/a5/8cbc83f04aba433ca7b331b38f39e000efd9f0c7ce47128670e737542996/pyarrow-23.0.1-cp314-cp314-manylinux_2_28_aarch64.whl", hash = "sha256:0b95a3994f015be13c63148fef8832e8a23938128c185ee951c98908a696e0eb", size = 44536859, upload-time = "2026-02-16T10:12:45.467Z" },
    { url = "https://files.pythonhosted.org/packages/36/2e/c0f017c405fcdc252dbccafbe05e36b0d0eb1ea9a958f081e01c6972927f/pyarrow-23.0.1-cp314-cp314-manylinux_2_28_x86_64.whl", hash = "sha256:4982d71350b1a6e5cfe1af742c53dfb759b11ce14141870d05d9e540d13bc5d1", size = 47614443, upload-time = "2026-02-16T10:12:55.525Z" },
    { url = "https://files.pythonhosted.org/packages/af/6b/2314a78057912f5627afa13ba43809d9d653e6630859618b0fd81a4e0759/pyarrow-23.0.1-cp314-cp314-musllinux_1_2_aarch64.whl", hash = "sha256:c250248f1fe266db627921c89b47b7c06fee0489ad95b04d50353537d74d6886", size = 48232991, upload-time = "2026-02-16T10:13:04.729Z" },
    { url = "https://files.pythonhosted.org/packages/40/f2/1bcb1d3be3460832ef3370d621142216e15a2c7c62602a4ea19ec240dd64/pyarrow-23.0.1-cp314-cp314-musllinux_1_2_x86_64.whl", hash = "sha256:5f4763b83c11c16e5f4c15601ba6dfa849e20723b46aa2617cb4bffe8768479f", size = 50645077, upload-time = "2026-02-16T10:13:14.147Z" },
    { url = "https://files.pythonhosted.org/packages/eb/3f/b1da7b61cd66566a4d4c8383d376c606d1c34a906c3f1cb35c479f59d1aa/pyarrow-23.0.1-cp314-cp314-win_amd64.whl", hash = "sha256:3a4c85ef66c134161987c17b147d6bffdca4566f9a4c1d81a0a01cdf08414ea5", size = 28234271, upload-time = "2026-02-16T10:14:09.397Z" },
    { url = "https://files.pythonhosted.org/packages/b5/78/07f67434e910a0f7323269be7bfbf58699bd0c1d080b18a1ab49ba943fe8/pyarrow-23.0.1-cp314-cp314t-macosx_12_0_arm64.whl", hash = "sha256:17cd28e906c18af486a499422740298c52d7c6795344ea5002a7720b4eadf16d", size = 34488692, upload-time = "2026-02-16T10:13:21.541Z" },
    { url = "https://files.pythonhosted.org/packages/50/76/34cf7ae93ece1f740a04910d9f7e80ba166b9b4ab9596a953e9e62b90fe1/pyarrow-23.0.1-cp314-cp314t-macosx_12_0_x86_64.whl", hash = "sha256:76e823d0e86b4fb5e1cf4a58d293036e678b5a4b03539be933d3b31f9406859f", size = 35964383, upload-time = "2026-02-16T10:13:28.63Z" },
    { url = "https://files.pythonhosted.org/packages/46/90/459b827238936d4244214be7c684e1b366a63f8c78c380807ae25ed92199/pyarrow-23.0.1-cp314-cp314t-manylinux_2_28_aarch64.whl", hash = "sha256:a62e1899e3078bf65943078b3ad2a6ddcacf2373bc06379aac61b1e548a75814", size = 44538119, upload-time = "2026-02-16T10:13:35.506Z" },
    { url = "https://files.pythonhosted.org/packages/28/a1/93a71ae5881e99d1f9de1d4554a87be37da11cd6b152239fb5bd924fdc64/pyarrow-23.0.1-cp314-cp314t-manylinux_2_28_x86_64.whl", hash = "sha256:df088e8f640c9fae3b1f495b3c64755c4e719091caf250f3a74d095ddf3c836d", size = 47571199, upload-time = "2026-02-16T10:13:42.504Z" },
    { url = "https://files.pythonhosted.org/packages/88/a3/d2c462d4ef313521eaf2eff04d204ac60775263f1fb08c374b543f79f610/pyarrow-23.0.1-cp314-cp314t-musllinux_1_2_aarch64.whl", hash = "sha256:46718a220d64677c93bc243af1d44b55998255427588e400677d7192671845c7", size = 48259435, upload-time = "2026-02-16T10:13:49.226Z" },
    { url = "https://files.pythonhosted.org/packages/cc/f1/11a544b8c3d38a759eb3fbb022039117fd633e9a7b19e4841cc3da091915/pyarrow-23.0.1-cp314-cp314t-musllinux_1_2_x86_64.whl", hash = "sha256:a09f3876e87f48bc2f13583ab551f0379e5dfb83210391e68ace404181a20690", size = 50629149, upload-time = "2026-02-16T10:13:57.238Z" },
    { url = "https://files.pythonhosted.org/packages/50/f2/c0e76a0b451ffdf0cf788932e182758eb7558953f4f27f1aff8e2518b653/pyarrow-23.0.1-cp314-cp314t-win_amd64.whl", hash = "sha256:527e8d899f14bd15b740cd5a54ad56b7f98044955373a17179d5956ddb93d9ce", size = 28365807, upload-time = "2026-02-16T10:14:03.892Z" },
]

[[package]]
name = "pymysql"
version = "1.1.2"
source = { registry = "https://pypi.org/simple" }
sdist = { url = "https://files.pythonhosted.org/packages/f5/ae/1fe3fcd9f959efa0ebe200b8de88b5a5ce3e767e38c7ac32fb179f16a388/pymysql-1.1.2.tar.gz", hash = "sha256:4961d3e165614ae65014e361811a724e2044ad3ea3739de9903ae7c21f539f03", size = 48258, upload-time = "2025-08-24T12:55:55.146Z" }
wheels = [
    { url = "https://files.pythonhosted.org/packages/7c/4c/ad33b92b9864cbde84f259d5df035a6447f91891f5be77788e2a3892bce3/pymysql-1.1.2-py3-none-any.whl", hash = "sha256:e6b1d89711dd51f8f74b1631fe08f039e7d76cf67a42a323d3178f0f25762ed9", size = 45300, upload-time = "2025-08-24T12:55:53.394Z" },
]

[[package]]
name = "python-dateutil"
version = "2.9.0.post0"
source = { registry = "https://pypi.org/simple" }
dependencies = [
    { name = "six" },
]
sdist = { url = "https://files.pythonhosted.org/packages/66/c0/0c8b6ad9f17a802ee498c46e004a0eb49bc148f2fd230864601a86dcf6db/python-dateutil-2.9.0.post0.tar.gz", hash = "sha256:37dd54208da7e1cd875388217d5e00ebd4179249f90fb72437e91a35459a0ad3", size = 342432, upload-time = "2024-03-01T18:36:20.211Z" }
wheels = [
    { url = "https://files.pythonhosted.org/packages/ec/57/56b9bcc3c9c6a792fcbaf139543cee77261f3651ca9da0c93f5c1221264b/python_dateutil-2.9.0.post0-py2.py3-none-any.whl", hash = "sha256:a8b2bc7bffae282281c8140a97d3aa9c14da0b136dfe83f850eea9a5f7470427", size = 229892, upload-time = "2024-03-01T18:36:18.57Z" },
]

[[package]]
name = "referencing"
version = "0.37.0"
source = { registry = "https://pypi.org/simple" }
dependencies = [
    { name = "attrs" },
    { name = "rpds-py" },
]
sdist = { url = "https://files.pythonhosted.org/packages/22/f5/df4e9027acead3ecc63e50fe1e36aca1523e1719559c499951bb4b53188f/referencing-0.37.0.tar.gz", hash = "sha256:44aefc3142c5b842538163acb373e24cce6632bd54bdb01b21ad5863489f50d8", size = 78036, upload-time = "2025-10-13T15:30:48.871Z" }
wheels = [
    { url = "https://files.pythonhosted.org/packages/2c/58/ca301544e1fa93ed4f80d724bf5b194f6e4b945841c5bfd555878eea9fcb/referencing-0.37.0-py3-none-any.whl", hash = "sha256:381329a9f99628c9069361716891d34ad94af76e461dcb0335825aecc7692231", size = 26766, upload-time = "2025-10-13T15:30:47.625Z" },
]

[[package]]
name = "rpds-py"
version = "2026.9.1"
source = { registry = "https://pypi.org/simple" }
sdist = { url = "https://files.pythonhosted.org/packages/42/68/3bd46b8a5e01d3c2ebdf9c5e9497912e3fe0cde02bac21a7130ca866e403/rpds_py-2026.9.1.tar.gz", hash = "sha256:4793ef7f78268b124b73fa933440f01d258bbae01de9fa53e9080c9ab0425a12", size = 63948, upload-time = "2026-10-04T16:32:36.469Z" }
wheels = [
    { url = "https://files.pythonhosted.org/packages/8a/f2/67b94be1532767803415c1c5a1fd88ea487643d74a673cec1ba140af77bb/rpds_py-2026.9.1-cp314-cp314-macosx_10_12_x86_64.whl", hash = "sha256:c9d1aca01f49170fdcf5c92761b1fafe97f554b721ca4570c5949fff778f0d4b", size = 347178, upload-time = "2026-10-04T16:30:00.865Z" },
    { url = "https://files.pythonhosted.org/packages/04/37/b751de2b59b0197a1d92a5dd491de88e8a5e928c2e6562581974f1e85263/rpds_py-2026.9.1-cp314-cp314-macosx_11_0_arm64.whl", hash = "sha256:3f0e9ac28fc067d4d34b88ae43c48e9489455c97fee9633d851f7eeed5a05d35", size = 341878, upload-time = "2026-10-04T16:30:02.564Z" },
    { url = "https://files.pythonhosted.org/packages/72/e2/5873bc4643c250db9e05d48dc0c93763d4aa68bc3b81164cb1af3b45b284/rpds_py-2026.9.1-cp314-cp314-manylinux_2_17_aarch64.manylinux2014_aarch64.whl", hash = "sha256:07deecbfce94c78473018bc7d10b337cc651d12df87a1eb2cb3e4024bc9c33d0", size = 373963, upload-time = "2026-10-04T16:30:04.026Z" },
    { url = "https://files.pythonhosted.org/packages/51/03/5acf7632158247f3f6386ff0af3a1ee48167d575037e8d0920594b76d92b/rpds_py-2026.9.1-cp314-cp314-manylinux_2_17_armv7l.manylinux2014_armv7l.whl", hash = "sha256:821b2755db9194409254012f429c56643416fb96ef9be090be82ec8826b7f477", size = 377975, upload-time = "2026-10-04T16:30:05.555Z" },
    { url = "https://files.pythonhosted.org/packages/e6/00/63fda451b8bffa5808fc8bb311ee7c073b340974b09f273c7b2a145d3d62/rpds_py-2026.9.1-cp314-cp314-manylinux_2_17_ppc64le.manylinux2014_ppc64le.whl", hash = "sha256:3c91c210ae7645626c608400e3519b4a642f837cce09ca830db3beb2e9f274d4", size = 490347, upload-time = "2026-10-04T16:30:07.156Z" },
    { url = "https://files.pythonhosted.org/packages/a1/ae/c093ffd070ba0fb02f76c565d06fecc65ad6e4afdbae78f7031076d3cdac/rpds_py-2026.9.1-cp314-cp314-manylinux_2_17_s390x.manylinux2014_s390x.whl", hash = "sha256:54ac2158a6f96cfbabff0b2eedaf94b90c5ec7ca8317fcadc61e1c2b2e0ff6ef", size = 392962, upload-time = "2026-10-04T16:30:08.77Z" },
    { url = "https://files.pythonhosted.org/packages/22/9d/d08a1128ab199b2f0cf25bfeb0639bd05119fff4b7c47bec24ef9a8ec23f/rpds_py-2026.9.1-cp314-cp314-manylinux_2_17_x86_64.manylinux2014_x86_64.whl", hash = "sha256:eac2f5dbafd585dfe31f86a23ebf0d3ba480a9d49ebc87947267b5608d4ea0cd", size = 371623, upload-time = "2026-10-04T16:30:10.501Z" },
    { url = "https://files.pythonhosted.org/packages/53/c7/4758ddcbb75609414bbccfcb11d612436f9b3ee821bd2f33f0f1604ee648/rpds_py-2026.9.1-cp314-cp314-manylinux_2_31_riscv64.whl", hash = "sha256:8aa5dda18d39b6143eb24809d158f9252c88f402749b6f1b62a506cc7d96cc35", size = 376997, upload-time = "2026-10-04T16:30:12.124Z" },
    { url = "https://files.pythonhosted.org/packages/87/e4/947bd7f608ff60faf46dc9d389c3dffd0e3d767d78a0be19978448ef0ce7/rpds_py-2026.9.1-cp314-cp314-manylinux_2_5_i686.manylinux1_i686.whl", hash = "sha256:5c90e7fa02e8f5de0d10c17595c568ada48c5302e749462c0ea1a4c362111a86", size = 400169, upload-time = "2026-10-04T16:30:13.804Z" },
    { url = "https://files.pythonhosted.org/packages/4b/35/fe93e020a0543b5670472c18d7e6af3197c08da571240ce1965c84f85c0f/rpds_py-2026.9.1-cp314-cp314-musllinux_1_2_aarch64.whl", hash = "sha256:e6d198bad4e49dd6732fbd636e2fc5c082f45c8cad0b4acb756b00c82c76072e", size = 551615, upload-time = "2026-10-04T16:30:15.332Z" },
    { url = "https://files.pythonhosted.org/packages/0d/4f/5d2a0136bb03b2a56a39dc6ff92d58a6e3e53a2e17079238b86228882f16/rpds_py-2026.9.1-cp314-cp314-musllinux_1_2_i686.whl", hash = "sha256:96beca19ec79de272e8668585380ff9092c47077c1d7a1e098e00bbd921f4785", size = 614655, upload-time = "2026-10-04T16:30:16.92Z" },
    { url = "https://files.pythonhosted.org/packages/09/1c/3f1025aaf70d9bf7272cc41f8b64ee76b48bf01726248138430e16f23b38/rpds_py-2026.9.1-cp314-cp314-musllinux_1_2_x86_64.whl", hash = "sha256:a5cf77eb04f20b720be95265a3e00eb2a14814074255cc27069c551b2db53118", size = 579602, upload-time = "2026-10-04T16:30:18.555Z" },
    { url = "https://files.pythonhosted.org/packages/53/0d/5c72e6204f76610608706da32b6b7e11ef7e10317558a7bb15a122e008dc/rpds_py-2026.9.1-cp314-cp314-win32.whl", hash = "sha256:a03d57b86d2a51d0a66c92177e2be154ad015f357791d306e714569999cdb4cc", size = 206315, upload-time = "2026-10-04T16:30:20.05Z" },
    { url = "https://files.pythonhosted.org/packages/a4/0b/489d48abbcc7d70cf3fbf662d9d22abf1f4650761c0a9ae05260800800d3/rpds_py-2026.9.1-cp314-cp314-win_amd64.whl", hash = "sha256:837c6b305e26fe0f75b15c92cf3b2ba29e0ae19dc40b1c557b026cb426347d0c", size = 222852, upload-time = "2026-10-04T16:30:21.604Z" },
    { url = "https://files.pythonhosted.org/packages/91/16/bbb05a7e6a10cf79ba639be7f799d770ee15f64175cc61d081b218dd402a/rpds_py-2026.9.1-cp314-cp314-win_arm64.whl", hash = "sha256:fce4b85234a0cbad67bf8e6e1201ee815d172c9aebad75f25645bc4d834f8e31", size = 218709, upload-time = "2026-10-04T16:30:23.036Z" },
    { url = "https://files.pythonhosted.org/packages/22/ac/ac507a0a4ec478ca470440a09583db4be5259ba7670aeba0620822f1e57a/rpds_py-2026.9.1-cp314-cp314t-macosx_10_12_x86_64.whl", hash = "sha256:3a72c11530d71abfb66c8d7696a2f86c43e63fca8b948f1a784ac490f4ec688e", size = 349596, upload-time = "2026-10-04T16:30:24.558Z" },
    { url = "https://files.pythonhosted.org/packages/e9/f2/817a46b658d5070f477f722c298ee9a24525b0e4017347964146ef5fdd0e/rpds_py-2026.9.1-cp314-cp314t-macosx_11_0_arm64.whl", hash = "sha256:068c37bba854ec2fe42f7365c640af11dd9895890ccbf2df5070d0c059bd7f96", size = 343114, upload-time = "2026-10-04T16:30:26.048Z" },
    { url = "https://files.pythonhosted.org/packages/6c/42/6ade976b13ac1b4cb3bf2eb603f1be2fe74df19a29988d4c2b386be59d6f/rpds_py-2026.9.1-cp314-cp314t-manylinux_2_17_aarch64.manylinux2014_aarch64.whl", hash = "sha256:d7fca4eb6df565e2a928f1c7dad92d27db8f9df0f449e76423ed5d7e713ed445", size = 374197, upload-time = "2026-10-04T16:30:27.699Z" },
    { url = "https://files.pythonhosted.org/packages/d9/70/77cdf1d3f1a07faabe936016ae623aec7981f73108a8fe7a203ed2e21998/rpds_py-2026.9.1-cp314-cp314t-manylinux_2_17_armv7l.manylinux2014_armv7l.whl", hash = "sha256:c933c6678c6f116ff8af47a4c6db0868b8ace74af0343016c0ef00f00272ea69", size = 378025, upload-time = "2026-10-04T16:30:29.451Z" },
    { url = "https://files.pythonhosted.org/packages/3f/6b/18a44a3beaa9b7931acb04af7bd9539836477c630a794452d4826d6185d4/rpds_py-2026.9.1-cp314-cp314t-manylinux_2_17_ppc64le.manylinux2014_ppc64le.whl", hash = "sha256:028ad274ea951dac64491b5d1e65712a4aeabfdbdb9fccf797b57bd899b0c495", size = 491969, upload-time = "2026-10-04T16:30:30.995Z" },
    { url = "https://files.pythonhosted.org/packages/73/27/fb39cfd6bddaf741b024f813890374578ff8ac1f1adc473659c048b03b05/rpds_py-2026.9.1-cp314-cp314t-manylinux_2_17_s390x.manylinux2014_s390x.whl", hash = "sha256:740d0a99cf9de0b17a3943388e9294a59becf75e7c43421f387bd3c7a9901f7c", size = 393905, upload-time = "2026-10-04T16:30:32.628Z" },
    { url = "https://files.pythonhosted.org/packages/ed/71/0fa7bb77b57af0d710273964180d11b503f62b8a5c358eb2d8c3f62feff6/rpds_py-2026.9.1-cp314-cp314t-manylinux_2_17_x86_64.manylinux2014_x86_64.whl", hash = "sha256:0da298fb372dc192610a4b9ecbc68a0cd8b675bbbd1fc519d01b41cfd658333e", size = 374569, upload-time = "2026-10-04T16:30:34.257Z" },
    { url = "https://files.pythonhosted.org/packages/54/22/f41cfac269af3b449513ef1bc3d7f32fde52abbbd2d01c7e76b47743acd9/rpds_py-2026.9.1-cp314-cp314t-manylinux_2_31_riscv64.whl", hash = "sha256:eb61be926bb81567c1f48bdc8aa22b9855048dc2efd53871f9f7e6e9a5632346", size = 377482, upload-time = "2026-10-04T16:30:35.997Z" },
    { url = "https://files.pythonhosted.org/packages/b4/fc/312b49006e7f8f9ca5f96647577b8aa6f3df30519c46bd448f5c425af0b2/rpds_py-2026.9.1-cp314-cp314t-manylinux_2_5_i686.manylinux1_i686.whl", hash = "sha256:42e75466f83cd43f6026c81eab74246efb2bdadafb307b85700632d06c68f299", size = 400040, upload-time = "2026-10-04T16:30:37.76Z" },
    { url = "https://files.pythonhosted.org/packages/cf/a6/18cca7a878dc7fa95165a83343fd4d7b65643fd22e54e47340a451121d5c/rpds_py-2026.9.1-cp314-cp314t-musllinux_1_2_aarch64.whl", hash = "sha256:617f59cde379b4f648a09797b7f683d04b90a46344cddab85639da5aff0f5531", size = 551849, upload-time = "2026-10-04T16:30:39.443Z" },
    { url = "https://files.pythonhosted.org/packages/e4/6d/1f5685e20f39604691bdc3c05aaa6b8bd2f954e9e996477adf2376768e33/rpds_py-2026.9.1-cp314-cp314t-musllinux_1_2_i686.whl", hash = "sha256:3edae8c5ddfdb6985d49ae9d150516e5076888879022f91a26c2de9276ce0bdb", size = 614842, upload-time = "2026-10-04T16:30:41.231Z" },
    { url = "https://files.pythonhosted.org/packages/c6/25/98652109fd9f7e10268dd4571aa52b81987001b806f37ef1a18260de714a/rpds_py-2026.9.1-cp314-cp314t-musllinux_1_2_x86_64.whl", hash = "sha256:0f045bb053c9057720d72c56dffe30dffdc05997b2897a827b9325f0ab6623fa", size = 582606, upload-time = "2026-10-04T16:30:43.345Z" },
    { url = "https://files.pythonhosted.org/packages/19/03/11ca09099bab5f53373a80a334c424ec917c13d050760a59499d2af5171e/rpds_py-2026.9.1-cp314-cp314t-win32.whl", hash = "sha256:bf35d0568abda97233239ce32896d3ad53fccc537832c104e30c94aa5fb93569", size = 203341, upload-time = "2026-10-04T16:30:44.954Z" },
    { url = "https://files.pythonhosted.org/packages/6f/8a/88909e3ffd9f47f5b58211473875d8c3c09079f0058c46fb72c55a702a26/rpds_py-2026.9.1-cp314-cp314t-win_amd64.whl", hash = "sha256:1e8d4d79d828299bf44a55db22a9388ab967b49d17132c88eab0f4360b48da8e", size = 222843, upload-time = "2026-10-04T16:30:46.486Z" },
]

[[package]]
name = "simplejson"
version = "3.20.2"
source = { registry = "https://pypi.org/simple" }
sdist = { url = "https://files.pythonhosted.org/packages/41/f4/a1ac5ed32f7ed9a088d62a59d410d4c204b3b3815722e2ccfb491fa8251b/simplejson-3.20.2.tar.gz", hash = "sha256:5fe7a6ce14d1c300d80d08695b7f7e633de6cd72c80644021874d985b3393649", size = 85784, upload-time = "2025-09-26T16:29:36.64Z" }
wheels = [
    { url = "https://files.pythonhosted.org/packages/05/5b/83e1ff87eb60ca706972f7e02e15c0b33396e7bdbd080069a5d1b53cf0d8/simplejson-3.20.2-py3-none-any.whl", hash = "sha256:3b6bb7fb96efd673eac2e4235200bfffdc2353ad12c54117e1e4e2fc485ac017", size = 57309, upload-time = "2025-09-26T16:29:35.312Z" },
]

[[package]]
name = "six"
version = "1.17.0"
source = { registry = "https://pypi.org/simple" }
sdist = { url = "https://files.pythonhosted.org/packages/94/e7/b2c673351809dca68a0e064b6af791aa332cf192da575fd474ed7d6f16a2/six-1.17.0.tar.gz", hash = "sha256:ff70335d468e7eb6ec65b95b99d3a2836546063f63acc5171de367e834932a81", size = 34031, upload-time = "2024-12-04T17:35:28.174Z" }
wheels = [
    { url = "https://files.pythonhosted.org/packages/b7/ce/149a00dd41f10bc29e5921b496af8b574d8413afcd5e30dfa0ed46c2cc5e/six-1.17.0-py2.py3-none-any.whl", hash = "sha256:4721f391ed90541fddacab5acf947aa0d3dc7d27b2e1e8eda2be8970586c3274", size = 11050, upload-time = "2024-12-04T17:35:26.475Z" },
]

[[package]]
name = "trade-research"
version = "0.1.0"
source = { virtual = "." }
dependencies = [
    { name = "jsonschema" },
    { name = "markdown-it-py" },
    { name = "nautilus-trader", extra = ["visualization"] },
    { name = "pyarrow" },
    { name = "pymysql" },
]

[package.metadata]
requires-dist = [
    { name = "jsonschema", specifier = ">=4,<5" },
    { name = "markdown-it-py", specifier = "==4.0.0" },
    { name = "nautilus-trader", extras = ["visualization"], specifier = "==2.0.0rc3" },
    { name = "pyarrow", specifier = "==23.0.1" },
    { name = "pymysql", specifier = "==1.1.2" },
]

[[package]]
name = "tzdata"
version = "2026.5"
source = { registry = "https://pypi.org/simple" }
sdist = { url = "https://files.pythonhosted.org/packages/d9/68/f1b440335057bfce71b6e50a9d09445aa2ecbd08359a337976627b8409e7/tzdata-2026.5.tar.gz", hash = "sha256:8cc73c0a0bfca7dbfa59235d60b2eff82231dee33f53d206db1acd9173cfc0a7", size = 200404, upload-time = "2026-10-03T09:23:14.143Z" }
wheels = [
    { url = "https://files.pythonhosted.org/packages/94/21/1e5995a1c920cce14e4bffae20c665ec10e7ed03ab25e006cd741092b718/tzdata-2026.5-py2.py3-none-any.whl", hash = "sha256:b683bd1b6659ddcd810ff02ad09ba821d4bf1065072805063eb35c49617905ac", size = 347996, upload-time = "2026-10-03T09:23:12.535Z" },
]
