# This file is automatically @generated by Cargo.
# It is not intended for manual editing.
version = 4

[[package]]
name = "strategy-factory-channel-control-program"
version = "0.1.0"
dependencies = [
 "strategy-factory-program-sdk",
]

[[package]]
name = "strategy-factory-program-sdk"
version = "0.1.0"
