version: v2
locks:
  f/trade/product_edge/artifact_build_v1: 05a427cbb47bf626c38cba0c6a3934d5065308d8a203dfa82f5cc947bcf9b406
  f/trade/product_edge/consumer_projection_v1: c96284d055ed7aeb9869a12883ed54a0c3a35bb4eab9768e9129a3dbba9e06bc
  f/trade/product_edge/exploratory_replay_v2: 83d29ed1eb946f81bdc2794b6b2df31af45899869eb300667bb398c57e1fd619
  f/trade/product_edge/research_goal_v1: c35f58b276ac233bb78b95df813962cf378ee0d44cf14c25bffa9aed788830a9
  f/trade/product_edge/research_goal_v2: f2ae29e34965ccf67c04fb9ec7300201b7aea554d6933ef93763bb60716210bf
  f/trade/product_edge/source_intake_research_v1: 4d88a790cbefc6145f1f5500ba382da0d1088e952e4624b39bfc45564af35961
  f/trade/product_edge/source_intake_v1: 0c2e40c779f4d720b3f4dac2bdf5150d7682e0c3964da40c3f6b7ca94085efe5
  f/trade/rd_workbench.raw_app+__app_hash: 44136fa355b3678a1146ad16f7e8649e94fb4fc21fe77e8310c060f61caaff8a
