version: v2
locks:
  f/trade/product_edge/artifact_build_v1: 48d2dabbd65a808f4babfc620d8ac9c3fb8875c24f2bb526960eb4a1e8b2cf1c
  f/trade/product_edge/consumer_projection_v1: 0d6a73b201d5534820282041ea7321183521335c21fbf49189ccfbfcbe477a96
  f/trade/product_edge/develop_composer_v2: 7505b698f79e3ab70606ee46e48cca3c10e564f15f24f3c641c1377e66454779
  f/trade/product_edge/exploratory_replay_v2: 83d29ed1eb946f81bdc2794b6b2df31af45899869eb300667bb398c57e1fd619
  f/trade/product_edge/research_goal_v1: c35f58b276ac233bb78b95df813962cf378ee0d44cf14c25bffa9aed788830a9
  f/trade/product_edge/research_goal_v2: f2ae29e34965ccf67c04fb9ec7300201b7aea554d6933ef93763bb60716210bf
  f/trade/product_edge/research_iteration_action_v1: 1a48c1e63544f31703e4e1210369fe94cb0efa92c269246169f6f7fb1249cb88
  f/trade/product_edge/source_intake_research_v1: ab502ea509715d003a62ddc499e4fc25af7bf3937a48a5db2bb526f6dadbf9fd
  f/trade/product_edge/source_intake_v1: 8230d8b522dc588ed0e3c56229a0a3ddf6f972adc8be10d8eaeb1acf2f4f64d5
  f/trade/rd_workbench.raw_app+__app_hash: 44136fa355b3678a1146ad16f7e8649e94fb4fc21fe77e8310c060f61caaff8a
